
Microsoft Visual Studio Solution File, Format Version 12.00
# Visual Studio 15
VisualStudioVersion = 15.0.28010.2003
MinimumVisualStudioVersion = 10.0.40219.1
Project("{FAE04EC0-301F-11D3-BF4B-00C04F79EFBC}") = "DocumentManagementSystem", "DocumentManagementSystem\DocumentManagementSystem.csproj", "{2EC383FD-AA93-4973-AE95-8ECC8F9256BC}"
EndProject
Project("{FAE04EC0-301F-11D3-BF4B-00C04F79EFBC}") = "DocumentManagementSystemAPI", "DocumentManagementSystemAPI\DocumentManagementSystemAPI.csproj", "{FD70EA27-0F46-4658-9925-D4F16160EF3D}"
EndProject
Global
	GlobalSection(SolutionConfigurationPlatforms) = preSolution
		Debug|Any CPU = Debug|Any CPU
		Release|Any CPU = Release|Any CPU
	EndGlobalSection
	GlobalSection(ProjectConfigurationPlatforms) = postSolution
		{2EC383FD-AA93-4973-AE95-8ECC8F9256BC}.Debug|Any CPU.ActiveCfg = Debug|Any CPU
		{2EC383FD-AA93-4973-AE95-8ECC8F9256BC}.Debug|Any CPU.Build.0 = Debug|Any CPU
		{2EC383FD-AA93-4973-AE95-8ECC8F9256BC}.Release|Any CPU.ActiveCfg = Release|Any CPU
		{2EC383FD-AA93-4973-AE95-8ECC8F9256BC}.Release|Any CPU.Build.0 = Release|Any CPU
		{FD70EA27-0F46-4658-9925-D4F16160EF3D}.Debug|Any CPU.ActiveCfg = Debug|Any CPU
		{FD70EA27-0F46-4658-9925-D4F16160EF3D}.Debug|Any CPU.Build.0 = Debug|Any CPU
		{FD70EA27-0F46-4658-9925-D4F16160EF3D}.Release|Any CPU.ActiveCfg = Release|Any CPU
		{FD70EA27-0F46-4658-9925-D4F16160EF3D}.Release|Any CPU.Build.0 = Release|Any CPU
	EndGlobalSection
	GlobalSection(SolutionProperties) = preSolution
		HideSolutionNode = FALSE
	EndGlobalSection
	GlobalSection(ExtensibilityGlobals) = postSolution
		SolutionGuid = {00D1563E-E8A9-4DC1-AECF-BC85F81F2FDD}
	EndGlobalSection
EndGlobal
